version = 1
revision = 3
requires-python = "==3.12.*"

[[package]]
name = "attrs"
version = "26.1.0"
source = { registry = "https://pypi.org/simple" }
sdist = { url = "https://files.pythonhosted.org/packages/9a/8e/82a0fe20a541c03148528be8cac2408564a6c9a0cc7e9171802bc1d26985/attrs-26.1.0.tar.gz", hash = "sha256:d03ceb89cb322a8fd706d4fb91940737b6642aa36998fe130a9bc96c985eff32", size = 952055, upload-time = "2026-03-19T14:22:25.026Z" }
wheels = [
    { url = "https://files.pythonhosted.org/packages/64/b4/17d4b0b2a2dc85a6df63d1157e028ed19f90d4cd97c36717afef2bc2f395/attrs-26.1.0-py3-none-any.whl", hash = "sha256:c647aa4a12dfbad9333ca4e71fe62ddc36f4e63b2d260a37a8b83d2f043ac309", size = 67548, upload-time = "2026-03-19T14:22:23.645Z" },
]

[[package]]
name = "jsonschema"
version = "4.26.0"
source = { registry = "https://pypi.org/simple" }
dependencies = [
    { name = "attrs" },
    { name = "jsonschema-specifications" },
    { name = "referencing" },
    { name = "rpds-py" },
]
sdist = { url = "https://files.pythonhosted.org/packages/b3/fc/e067678238fa451312d4c62bf6e6cf5ec56375422aee02f9cb5f909b3047/jsonschema-4.26.0.tar.gz", hash = "sha256:0c26707e2efad8aa1bfc5b7ce170f3fccc2e4918ff85989ba9ffa9facb2be326", size = 366583, upload-time = "2026-01-07T13:41:07.246Z" }
wheels = [
    { url = "https://files.pythonhosted.org/packages/69/90/f63fb5873511e014207a475e2bb4e8b2e570d655b00ac19a9a0ca0a385ee/jsonschema-4.26.0-py3-none-any.whl", hash = "sha256:d489f15263b8d200f8387e64b4c3a75f06629559fb73deb8fdfb525f2dab50ce", size = 90630, upload-time = "2026-01-07T13:41:05.306Z" },
]

[[package]]
name = "jsonschema-specifications"
version = "2025.9.1"
source = { registry = "https://pypi.org/simple" }
dependencies = [
    { name = "referencing" },
]
sdist = { url = "https://files.pythonhosted.org/packages/19/74/a633ee74eb36c44aa6d1095e7cc5569bebf04342ee146178e2d36600708b/jsonschema_specifications-2025.9.1.tar.gz", hash = "sha256:b540987f239e745613c7a9176f3edb72b832a4ac465cf02712288397832b5e8d", size = 32855, upload-time = "2025-09-08T01:34:59.186Z" }
wheels = [
    { url = "https://files.pythonhosted.org/packages/41/45/1a4ed80516f02155c51f51e8cedb3c1902296743db0bbc66608a0db2814f/jsonschema_specifications-2025.9.1-py3-none-any.whl", hash = "sha256:98802fee3a11ee76ecaca44429fda8a41bff98b00a0f2838151b113f210cc6fe", size = 18437, upload-time = "2025-09-08T01:34:57.871Z" },
]

[[package]]
name = "ordivon-host"
version = "0.2.0"
source = { git = "https://github.com/zycxfyh/ordivon-host.git?rev=ebaf6ef90d87e7bc524e8f30d71521b371d17f2e#ebaf6ef90d87e7bc524e8f30d71521b371d17f2e" }
dependencies = [
    { name = "ordivon-protocol" },
]

[[package]]
name = "ordivon-protocol"
version = "0.3.0"
source = { git = "https://github.com/zycxfyh/ordivon-computing.git?subdirectory=packages%2Fordivon-protocol&rev=420dc356cb664d75db0f34f356156baebe5843db#420dc356cb664d75db0f34f356156baebe5843db" }

[[package]]
name = "ordivon-world"
version = "0.6.0"
source = { editable = "." }
dependencies = [
    { name = "jsonschema" },
    { name = "ordivon-host" },
]

[package.dev-dependencies]
dev = [
    { name = "ruff" },
]

[package.metadata]
requires-dist = [
    { name = "jsonschema", specifier = ">=4.23,<5" },
    { name = "ordivon-host", git = "https://github.com/zycxfyh/ordivon-host.git?rev=ebaf6ef90d87e7bc524e8f30d71521b371d17f2e" },
]

[package.metadata.requires-dev]
dev = [{ name = "ruff", specifier = "==0.15.17" }]

[[package]]
name = "referencing"
version = "0.37.0"
source = { registry = "https://pypi.org/simple" }
dependencies = [
    { name = "attrs" },
    { name = "rpds-py" },
    { name = "typing-extensions" },
]
sdist = { url = "https://files.pythonhosted.org/packages/22/f5/df4e9027acead3ecc63e50fe1e36aca1523e1719559c499951bb4b53188f/referencing-0.37.0.tar.gz", hash = "sha256:44aefc3142c5b842538163acb373e24cce6632bd54bdb01b21ad5863489f50d8", size = 78036, upload-time = "2025-10-13T15:30:48.871Z" }
wheels = [
    { url = "https://files.pythonhosted.org/packages/2c/58/ca301544e1fa93ed4f80d724bf5b194f6e4b945841c5bfd555878eea9fcb/referencing-0.37.0-py3-none-any.whl", hash = "sha256:381329a9f99628c9069361716891d34ad94af76e461dcb0335825aecc7692231", size = 26766, upload-time = "2025-10-13T15:30:47.625Z" },
]

[[package]]
name = "rpds-py"
version = "2026.6.3"
source = { registry = "https://pypi.org/simple" }
sdist = { url = "https://files.pythonhosted.org/packages/aa/2a/9618a122aeb2a169a28b03889a2995fe297588964333d4a7d67bdf46e147/rpds_py-2026.6.3.tar.gz", hash = "sha256:1cebd1337c242e4ec2293e541f712b2da849b29f48f0c293684b71c0632625d4", size = 64051, upload-time = "2026-06-30T07:17:53.009Z" }
wheels = [
    { url = "https://files.pythonhosted.org/packages/5c/be/2e8974163072e7bab7df1a5acd54c4498e75e35d6d18b864d3a9d5dadc92/rpds_py-2026.6.3-cp312-cp312-macosx_10_12_x86_64.whl", hash = "sha256:a0811d33247c3d6128a3001d763f2aa056bb3425204335400ac54f89eec3a0d0", size = 343691, upload-time = "2026-06-30T07:15:14.96Z" },
    { url = "https://files.pythonhosted.org/packages/a4/73/319dfa745dd668efe89309141ded489126461fcecd2b8f3a3cda185129b6/rpds_py-2026.6.3-cp312-cp312-macosx_11_0_arm64.whl", hash = "sha256:538949e262e46caa31ac01bdb3c1e8f642622922cacbabbae6a8445d9dc33eaf", size = 338542, upload-time = "2026-06-30T07:15:16.267Z" },
    { url = "https://files.pythonhosted.org/packages/21/63/4239893be1c4d09b709b1a8f6be4188f0870084ff547f46606b8a75f1b03/rpds_py-2026.6.3-cp312-cp312-manylinux_2_17_aarch64.manylinux2014_aarch64.whl", hash = "sha256:55927d532399c2c646100ff7feb48eaa940ad70f42cd68e1328f3ded9f81ca24", size = 368180, upload-time = "2026-06-30T07:15:17.62Z" },
    { url = "https://files.pythonhosted.org/packages/1c/ca/9c5de382225234ceb37b1844ebdb140db12b2a278bb9efe2fcd19f6c82ce/rpds_py-2026.6.3-cp312-cp312-manylinux_2_17_armv7l.manylinux2014_armv7l.whl", hash = "sha256:f56f1695bc5c0871cbc33dc0130fcf503aab0c57dcc5a6700a4f49eba4f2652e", size = 375067, upload-time = "2026-06-30T07:15:18.952Z" },
    { url = "https://files.pythonhosted.org/packages/87/dc/863f69d1bf04ade34b7fe0d59b9fdf6f0135fe2d7cbca74f1d665589559d/rpds_py-2026.6.3-cp312-cp312-manylinux_2_17_ppc64le.manylinux2014_ppc64le.whl", hash = "sha256:270b293dae9058fc9fcedab50f13cebf46fb8ed1d1d54e0521a9da5d6b211975", size = 490509, upload-time = "2026-06-30T07:15:20.434Z" },
    { url = "https://files.pythonhosted.org/packages/ce/ef/eac16a12048b45ec7c7fa94f2be3438a5f26bf9cc8580b18a1cfd609b7f6/rpds_py-2026.6.3-cp312-cp312-manylinux_2_17_s390x.manylinux2014_s390x.whl", hash = "sha256:127565fead0a10943b282957bd5447804ff3160ad79f2ad2635e6d249e380680", size = 382754, upload-time = "2026-06-30T07:15:21.831Z" },
    { url = "https://files.pythonhosted.org/packages/04/8f/d2f3f532616be4d06c316ef119683e832bd3d41e112bf3a88f4151c95b17/rpds_py-2026.6.3-cp312-cp312-manylinux_2_17_x86_64.manylinux2014_x86_64.whl", hash = "sha256:ecabd69db66de867690f9797f2f8fa27ba501bbc24540cbdbdc649cd15888ba6", size = 366189, upload-time = "2026-06-30T07:15:23.371Z" },
    { url = "https://files.pythonhosted.org/packages/e3/29/41a7b0e98a4b44cd676ab7598419623373eb43b20be68c084935c1a8cf88/rpds_py-2026.6.3-cp312-cp312-manylinux_2_31_riscv64.whl", hash = "sha256:58eadac9cd119677b60e1cf8ac4052f35949d71b8a9e5556efccbe82533cf22a", size = 377750, upload-time = "2026-06-30T07:15:24.659Z" },
    { url = "https://files.pythonhosted.org/packages/2e/05/ecda0bec46f9a1565090bcdc941d023f6a25aff85fda28f89f8d19878152/rpds_py-2026.6.3-cp312-cp312-manylinux_2_5_i686.manylinux1_i686.whl", hash = "sha256:7491ee23305ac3eb59e492b6945881f5cd77a6f731061a3f25b77fd40f9e99a4", size = 395576, upload-time = "2026-06-30T07:15:25.987Z" },
    { url = "https://files.pythonhosted.org/packages/68/a8/6ed52f03ee6cb854ce78785cc9a9a672eb880e83fd7224d471f667d151f1/rpds_py-2026.6.3-cp312-cp312-musllinux_1_2_aarch64.whl", hash = "sha256:2c99f7e8ccb3dd6e3e4bfeac657a7b208c9bac8075f4b078c02d7404c34107fa", size = 543807, upload-time = "2026-06-30T07:15:27.356Z" },
    { url = "https://files.pythonhosted.org/packages/8f/d6/156c0d3eea27ba09b92562ba2364ba124c0a061b199e17eac637cd25a5e2/rpds_py-2026.6.3-cp312-cp312-musllinux_1_2_i686.whl", hash = "sha256:62698275682bf121181861295c9181e789030a2d516071f5b8f3c23c170cd0fc", size = 611187, upload-time = "2026-06-30T07:15:28.931Z" },
    { url = "https://files.pythonhosted.org/packages/f1/31/774212ed989c62f7f310220089f9b0a3fb8f40f5443d1727abd5d9f52bc9/rpds_py-2026.6.3-cp312-cp312-musllinux_1_2_x86_64.whl", hash = "sha256:a214c993455f99a89aaeadc9b21241900037adc9d97203e374d75513c5911822", size = 573030, upload-time = "2026-06-30T07:15:30.553Z" },
    { url = "https://files.pythonhosted.org/packages/c9/50/22f73127a41f1ce4f87fe39aadfb9a126345801c274aa93ae88456249327/rpds_py-2026.6.3-cp312-cp312-win32.whl", hash = "sha256:501f9f04a588d6a09179368c57071301445191767c64e4b52a6aa9871f1ef5ed", size = 202185, upload-time = "2026-06-30T07:15:32.027Z" },
    { url = "https://files.pythonhosted.org/packages/04/3a/f0ee4d4dde9d3b69dedf1b5f74e7a40017046d55052d173e418c6a94f960/rpds_py-2026.6.3-cp312-cp312-win_amd64.whl", hash = "sha256:2c958bf94822e9290a40aaf2a822d4bc5c88099093e3948ad6c571eca9272e5f", size = 220394, upload-time = "2026-06-30T07:15:33.359Z" },
    { url = "https://files.pythonhosted.org/packages/f3/83/3382fe37f809b59f02aac04dbc4e765b480b46ee0227ed516e3bdc4d3dfc/rpds_py-2026.6.3-cp312-cp312-win_arm64.whl", hash = "sha256:22bffe6042b9bcb0822bcd1955ec00e245daf17b4344e4ed8e9551b976b63e96", size = 215753, upload-time = "2026-06-30T07:15:34.778Z" },
]

[[package]]
name = "ruff"
version = "0.15.17"
source = { registry = "https://pypi.org/simple" }
sdist = { url = "https://files.pythonhosted.org/packages/8c/a9/3abdf488f1bf3d24c699415e454ed554a6350d5d89ce183be1ee0a3361ac/ruff-0.15.17.tar.gz", hash = "sha256:2ec446937fd16c8c4de2674a209cc5af64d9c6f17d21fbf1151054fa0bcf5219", size = 4743346, upload-time = "2026-06-11T17:54:47.663Z" }
wheels = [
    { url = "https://files.pythonhosted.org/packages/db/4d/e11259f5da07cb6afb2d074c31bf09da9671993f7329d4f15d2fdc458301/ruff-0.15.17-py3-none-linux_armv6l.whl", hash = "sha256:d9feddb927fc68bd295f5eebc587a7e42cfaf9b65f60ca4a2386febff575da8f", size = 10856677, upload-time = "2026-06-11T17:54:49.533Z" },
    { url = "https://files.pythonhosted.org/packages/29/3e/772d679e1a0dc058e58875bd2c0cb713a0530877b4a76fee3c7966df0d49/ruff-0.15.17-py3-none-macosx_10_12_x86_64.whl", hash = "sha256:25805a226d741c47d274a35ad5c10a7dde175fcddfa511d7cf3da0a21eb3eab7", size = 11223443, upload-time = "2026-06-11T17:55:00.573Z" },
    { url = "https://files.pythonhosted.org/packages/68/58/bd41f7688b2fd5623012605130ed70e60aa7f2244baa3d5066bdd61530c8/ruff-0.15.17-py3-none-macosx_11_0_arm64.whl", hash = "sha256:f6ad73b14c2d18a3bf8ad7cb6974294d7f613a7898604826058e6ac64918ef4d", size = 10566458, upload-time = "2026-06-11T17:55:07.52Z" },
    { url = "https://files.pythonhosted.org/packages/d8/5b/733371013fcf1ec339e477ece6ab42bfe10bdd9bba8ee88a9516aa56bfc0/ruff-0.15.17-py3-none-manylinux_2_17_aarch64.manylinux2014_aarch64.whl", hash = "sha256:6ba0c1e4f95bcb3869d0d30cbd5917071ef2e28665abfec970cdab0492c713ed", size = 10914483, upload-time = "2026-06-11T17:55:05.501Z" },
    { url = "https://files.pythonhosted.org/packages/bd/cc/6f24251cc0252f7239391ccb85833f320efad14ebe5b443943f37ced6332/ruff-0.15.17-py3-none-manylinux_2_17_armv7l.manylinux2014_armv7l.whl", hash = "sha256:81647960f10bff57d2e51cadd0c3950fe598400c852863a038720ef5b8cca91e", size = 10647497, upload-time = "2026-06-11T17:54:57.733Z" },
    { url = "https://files.pythonhosted.org/packages/68/dd/0d10c17ce1a1624d6fc3156309c3f834fdb5dfaad026ec90c85684f3990e/ruff-0.15.17-py3-none-manylinux_2_17_i686.manylinux2014_i686.whl", hash = "sha256:0e01a84ddbc8c16c23055ba3924476850f1bbc1917cebbb9376665a63e74260d", size = 11416967, upload-time = "2026-06-11T17:54:51.461Z" },
    { url = "https://files.pythonhosted.org/packages/2f/91/556bfb156f6144f355e831c23db00b2fc4120f86b3ce81cc5f7fd2df51f3/ruff-0.15.17-py3-none-manylinux_2_17_ppc64le.manylinux2014_ppc64le.whl", hash = "sha256:84fe9f653152f8f294f9f7e03bf3a453d8b4a27f7a59c78c8666167f2b17b96c", size = 12335770, upload-time = "2026-06-11T17:54:45.793Z" },
    { url = "https://files.pythonhosted.org/packages/88/82/8b5999aa13355e926f06d9f42a32dcca862f623bf0363785ff89d607dffd/ruff-0.15.17-py3-none-manylinux_2_17_s390x.manylinux2014_s390x.whl", hash = "sha256:8c0fe88a7676e7a05b73174d4d4a59cb2ac21ff8263583f87a81a6018475a978", size = 11575441, upload-time = "2026-06-11T17:54:32.661Z" },
    { url = "https://files.pythonhosted.org/packages/11/93/f10377bb04109ca0e8cbc483ff1982c54b6d418210041776f93e8cdc7fa9/ruff-0.15.17-py3-none-manylinux_2_17_x86_64.manylinux2014_x86_64.whl", hash = "sha256:ecfc3c7878fff94633ab0348524e093f9ce3243080416dd7d14f8ba400174719", size = 11557614, upload-time = "2026-06-11T17:54:34.698Z" },
    { url = "https://files.pythonhosted.org/packages/c7/a6/eeeae7f7d5493df41649ab3db92f086b2d0a30199e4efdf8e3dd7a033f24/ruff-0.15.17-py3-none-manylinux_2_31_riscv64.whl", hash = "sha256:b8461180b22420b1bdc289909410930761629fddf2a5aaf60fae1ab26cedc4c4", size = 11544450, upload-time = "2026-06-11T17:54:39.042Z" },
    { url = "https://files.pythonhosted.org/packages/32/88/5991ce565129a24dd4a00db1254b3b5db2e53018cbe4018ea5a89738e727/ruff-0.15.17-py3-none-musllinux_1_2_aarch64.whl", hash = "sha256:6eccbe50a038b503e7140b441aa9c7fc8c1f36edf23ebef9f4165c2f28f568b7", size = 10892524, upload-time = "2026-06-11T17:55:09.432Z" },
    { url = "https://files.pythonhosted.org/packages/f5/1d/0fdd248313425f55223968af04b0a42125466a8d88d21c1d99c6af0a51e8/ruff-0.15.17-py3-none-musllinux_1_2_armv7l.whl", hash = "sha256:382fc0521025f5a8ad447d8bdd523545d0d7646adb718eb1c2dac5065ec27c0f", size = 10659573, upload-time = "2026-06-11T17:54:36.824Z" },
    { url = "https://files.pythonhosted.org/packages/9e/0e/072e8260deb9461062ce9311ced27a8e541229a6ffd483013dd37661e43e/ruff-0.15.17-py3-none-musllinux_1_2_i686.whl", hash = "sha256:456d41fcd1b2777ad63f09a6e7121d43f7b688bbc76a800c10f7f8fb1f912c3f", size = 11127818, upload-time = "2026-06-11T17:55:03.124Z" },
    { url = "https://files.pythonhosted.org/packages/ab/b4/55060a34163121498014696b5f656db5b8c6963768f227dbf0d76b311073/ruff-0.15.17-py3-none-musllinux_1_2_x86_64.whl", hash = "sha256:b1a04bcc94ae6194e9db05d16ad31f298a7194bfbcb08258bbe589cee1d587b8", size = 11655901, upload-time = "2026-06-11T17:54:53.562Z" },
    { url = "https://files.pythonhosted.org/packages/49/71/9b29d6b87cef468d697f43c6a91e3fae4a80185779d7d5a4ef27d173439f/ruff-0.15.17-py3-none-win32.whl", hash = "sha256:596065960ab1ff593f744220c9fe6580eda00a95003cffa9f4048bb5b1bf0392", size = 10925574, upload-time = "2026-06-11T17:54:55.723Z" },
    { url = "https://files.pythonhosted.org/packages/3d/b2/8fc77f3723228836fa5d12497eb71c808f83782e10d058d2b15cfa14640b/ruff-0.15.17-py3-none-win_amd64.whl", hash = "sha256:6769e5fa1710b179b92e0bfa5a51735b35baea9013dadb06d5f44cbcf9547084", size = 12058788, upload-time = "2026-06-11T17:54:41.042Z" },
    { url = "https://files.pythonhosted.org/packages/2d/c7/c53e8dbff9c9dc4b7928773421ae294a5d28fcb8dcda1a089579d3a7e510/ruff-0.15.17-py3-none-win_arm64.whl", hash = "sha256:f3be1fbb34bcdfd146240d8fb92a709d4c2c8191348580a3c044ec60fa0b4456", size = 11355275, upload-time = "2026-06-11T17:54:43.635Z" },
]

[[package]]
name = "typing-extensions"
version = "4.16.0"
source = { registry = "https://pypi.org/simple" }
sdist = { url = "https://files.pythonhosted.org/packages/f6/cc/6253133b5bb138fc3306cebfbda2c520f545d36b5be2c7255cc528bb45d6/typing_extensions-4.16.0.tar.gz", hash = "sha256:dc983d19a509c94dba722ee6abd33940f7c05a89e243c47e907eb4db6f1a43e5", size = 113555, upload-time = "2026-07-02T08:40:05.92Z" }
wheels = [
    { url = "https://files.pythonhosted.org/packages/49/d3/b8441a820a491ddfc024b0b0cf0393375b75ea13866d9c66727e54c2fc80/typing_extensions-4.16.0-py3-none-any.whl", hash = "sha256:481caa481374e813c1b176ada14e97f1f67a4539ce9cfeb3f350d78d6370c2e8", size = 45571, upload-time = "2026-07-02T08:40:04.659Z" },
]
