version = 1
revision = 3
requires-python = "==3.12.*"

[[package]]
name = "ordivon-host"
version = "0.1.0"
source = { git = "https://github.com/zycxfyh/ordivon-host.git?rev=4ac03b52322cb76ade8f2902ab5b08113141c3e7#4ac03b52322cb76ade8f2902ab5b08113141c3e7" }
dependencies = [
    { name = "ordivon-protocol" },
]

[[package]]
name = "ordivon-protocol"
version = "0.3.0"
source = { git = "https://github.com/zycxfyh/ordivon-computing.git?subdirectory=packages%2Fordivon-protocol&rev=ca5af401eda77d1081487c2df07ce9d94003719e#ca5af401eda77d1081487c2df07ce9d94003719e" }

[[package]]
name = "ordivon-world-w1"
version = "0.1.0"
source = { editable = "." }
dependencies = [
    { name = "ordivon-host" },
]

[package.metadata]
requires-dist = [{ name = "ordivon-host", git = "https://github.com/zycxfyh/ordivon-host.git?rev=4ac03b52322cb76ade8f2902ab5b08113141c3e7" }]
